// !$*UTF8*$!
{
	archiveVersion = 1;
	classes = {
	};
	objectVersion = 46;
	objects = {

/* Begin PBXBuildFile section */
		381A00511A23FE6100562797 /* delete_text.png in Resources */ = {isa = PBXBuildFile; fileRef = 381A00501A23FE6100562797 /* delete_text.png */; };
		381A00531A2400CE00562797 /* loginImage.png in Resources */ = {isa = PBXBuildFile; fileRef = 381A00521A2400CE00562797 /* loginImage.png */; };
		381A00551A24021600562797 /* loginImage2.png in Resources */ = {isa = PBXBuildFile; fileRef = 381A00541A24021600562797 /* loginImage2.png */; };
		38526BFE1A1ED8C2004D78B3 /* ConnectionManager.m in Sources */ = {isa = PBXBuildFile; fileRef = 38526BFD1A1ED8C2004D78B3 /* ConnectionManager.m */; };
		38526C011A1ED9C8004D78B3 /* libsqlite3.dylib in Frameworks */ = {isa = PBXBuildFile; fileRef = 38526C001A1ED9C8004D78B3 /* libsqlite3.dylib */; };
		38526C031A22AB3B004D78B3 /* MatriculaFacil.sqlite in Resources */ = {isa = PBXBuildFile; fileRef = 38526C021A22AB3B004D78B3 /* MatriculaFacil.sqlite */; };
		386D0A5B1A0ECFA60046A3F9 /* LoginVC.m in Sources */ = {isa = PBXBuildFile; fileRef = 386D0A5A1A0ECFA60046A3F9 /* LoginVC.m */; };
		386D0A5F1A0ED25C0046A3F9 /* MainVC.m in Sources */ = {isa = PBXBuildFile; fileRef = 386D0A5E1A0ED25C0046A3F9 /* MainVC.m */; };
		3871ECC01A1182B500A61B38 /* SeccionesTVC.m in Sources */ = {isa = PBXBuildFile; fileRef = 3871ECBF1A1182B500A61B38 /* SeccionesTVC.m */; };
		3871ECC31A1182D700A61B38 /* SeccionCell.m in Sources */ = {isa = PBXBuildFile; fileRef = 3871ECC21A1182D700A61B38 /* SeccionCell.m */; };
		3871ECC61A1186B000A61B38 /* Seccion.m in Sources */ = {isa = PBXBuildFile; fileRef = 3871ECC51A1186B000A61B38 /* Seccion.m */; };
		3871ECCB1A11BAC900A61B38 /* AddSeccionVC.m in Sources */ = {isa = PBXBuildFile; fileRef = 3871ECCA1A11BAC900A61B38 /* AddSeccionVC.m */; };
		3871ECCF1A1AC3C000A61B38 /* HomeVC.m in Sources */ = {isa = PBXBuildFile; fileRef = 3871ECCE1A1AC3C000A61B38 /* HomeVC.m */; };
		3871ECD21A1AC41700A61B38 /* HomeCell.m in Sources */ = {isa = PBXBuildFile; fileRef = 3871ECD11A1AC41700A61B38 /* HomeCell.m */; };
		3871ECD51A1ACCCE00A61B38 /* SeccionesMatricula.m in Sources */ = {isa = PBXBuildFile; fileRef = 3871ECD41A1ACCCE00A61B38 /* SeccionesMatricula.m */; };
		38CC9E891A06E86900CE8C52 /* main.m in Sources */ = {isa = PBXBuildFile; fileRef = 38CC9E881A06E86900CE8C52 /* main.m */; };
		38CC9E8C1A06E86900CE8C52 /* AppDelegate.m in Sources */ = {isa = PBXBuildFile; fileRef = 38CC9E8B1A06E86900CE8C52 /* AppDelegate.m */; };
		38CC9E921A06E86900CE8C52 /* Main.storyboard in Resources */ = {isa = PBXBuildFile; fileRef = 38CC9E901A06E86900CE8C52 /* Main.storyboard */; };
		38CC9E941A06E86900CE8C52 /* Images.xcassets in Resources */ = {isa = PBXBuildFile; fileRef = 38CC9E931A06E86900CE8C52 /* Images.xcassets */; };
		38CC9E971A06E86900CE8C52 /* LaunchScreen.xib in Resources */ = {isa = PBXBuildFile; fileRef = 38CC9E951A06E86900CE8C52 /* LaunchScreen.xib */; };
		38CC9EA31A06E86900CE8C52 /* MatriculaFacilTests.m in Sources */ = {isa = PBXBuildFile; fileRef = 38CC9EA21A06E86900CE8C52 /* MatriculaFacilTests.m */; };
		38DC969B1A1A5DCA00917B1E /* UpdateSeccionVC.m in Sources */ = {isa = PBXBuildFile; fileRef = 38DC969A1A1A5DCA00917B1E /* UpdateSeccionVC.m */; };
		38E1C1771A0FD056004DE581 /* student.png in Resources */ = {isa = PBXBuildFile; fileRef = 38E1C1761A0FD056004DE581 /* student.png */; };
		38E1C17B1A0FD1B8004DE581 /* background.png in Resources */ = {isa = PBXBuildFile; fileRef = 38E1C17A1A0FD1B8004DE581 /* background.png */; };
		38E1C17F1A0FE748004DE581 /* MainCell.m in Sources */ = {isa = PBXBuildFile; fileRef = 38E1C17E1A0FE748004DE581 /* MainCell.m */; };
		38E1C1821A0FEE65004DE581 /* WelcomeBanner.m in Sources */ = {isa = PBXBuildFile; fileRef = 38E1C1811A0FEE65004DE581 /* WelcomeBanner.m */; };
		38E1C1871A0FF2CC004DE581 /* AddCursoVC.m in Sources */ = {isa = PBXBuildFile; fileRef = 38E1C1861A0FF2CC004DE581 /* AddCursoVC.m */; };
		38E1C18D1A0FF2FE004DE581 /* UpdateCursoVC.m in Sources */ = {isa = PBXBuildFile; fileRef = 38E1C18C1A0FF2FE004DE581 /* UpdateCursoVC.m */; };
		38E1C1931A100083004DE581 /* ListCursoTVC.m in Sources */ = {isa = PBXBuildFile; fileRef = 38E1C1921A100083004DE581 /* ListCursoTVC.m */; };
		38E1C1971A100473004DE581 /* ListCursoCell.m in Sources */ = {isa = PBXBuildFile; fileRef = 38E1C1961A100473004DE581 /* ListCursoCell.m */; };
		38E1C19A1A10097D004DE581 /* Curso.m in Sources */ = {isa = PBXBuildFile; fileRef = 38E1C1991A10097D004DE581 /* Curso.m */; };
		38E1C1A01A10607D004DE581 /* CursosTVC.m in Sources */ = {isa = PBXBuildFile; fileRef = 38E1C19F1A10607D004DE581 /* CursosTVC.m */; };
/* End PBXBuildFile section */

/* Begin PBXContainerItemProxy section */
		38CC9E9D1A06E86900CE8C52 /* PBXContainerItemProxy */ = {
			isa = PBXContainerItemProxy;
			containerPortal = 38CC9E7B1A06E86900CE8C52 /* Project object */;
			proxyType = 1;
			remoteGlobalIDString = 38CC9E821A06E86900CE8C52;
			remoteInfo = MatriculaFacil;
		};
/* End PBXContainerItemProxy section */

/* Begin PBXFileReference section */
		381A00501A23FE6100562797 /* delete_text.png */ = {isa = PBXFileReference; lastKnownFileType = image.png; path = delete_text.png; sourceTree = "<group>"; };
		381A00521A2400CE00562797 /* loginImage.png */ = {isa = PBXFileReference; lastKnownFileType = image.png; path = loginImage.png; sourceTree = "<group>"; };
		381A00541A24021600562797 /* loginImage2.png */ = {isa = PBXFileReference; lastKnownFileType = image.png; path = loginImage2.png; sourceTree = "<group>"; };
		38526BFC1A1ED8C2004D78B3 /* ConnectionManager.h */ = {isa = PBXFileReference; fileEncoding = 4; lastKnownFileType = sourcecode.c.h; path = ConnectionManager.h; sourceTree = "<group>"; };
		38526BFD1A1ED8C2004D78B3 /* ConnectionManager.m */ = {isa = PBXFileReference; fileEncoding = 4; lastKnownFileType = sourcecode.c.objc; path = ConnectionManager.m; sourceTree = "<group>"; };
		38526C001A1ED9C8004D78B3 /* libsqlite3.dylib */ = {isa = PBXFileReference; lastKnownFileType = "compiled.mach-o.dylib"; name = libsqlite3.dylib; path = usr/lib/libsqlite3.dylib; sourceTree = SDKROOT; };
		38526C021A22AB3B004D78B3 /* MatriculaFacil.sqlite */ = {isa = PBXFileReference; lastKnownFileType = file; path = MatriculaFacil.sqlite; sourceTree = "<group>"; };
		386D0A591A0ECFA60046A3F9 /* LoginVC.h */ = {isa = PBXFileReference; fileEncoding = 4; lastKnownFileType = sourcecode.c.h; path = LoginVC.h; sourceTree = "<group>"; };
		386D0A5A1A0ECFA60046A3F9 /* LoginVC.m */ = {isa = PBXFileReference; fileEncoding = 4; lastKnownFileType = sourcecode.c.objc; path = LoginVC.m; sourceTree = "<group>"; };
		386D0A5D1A0ED25C0046A3F9 /* MainVC.h */ = {isa = PBXFileReference; fileEncoding = 4; lastKnownFileType = sourcecode.c.h; path = MainVC.h; sourceTree = "<group>"; };
		386D0A5E1A0ED25C0046A3F9 /* MainVC.m */ = {isa = PBXFileReference; fileEncoding = 4; lastKnownFileType = sourcecode.c.objc; path = MainVC.m; sourceTree = "<group>"; };
		3871ECBE1A1182B500A61B38 /* SeccionesTVC.h */ = {isa = PBXFileReference; fileEncoding = 4; lastKnownFileType = sourcecode.c.h; path = SeccionesTVC.h; sourceTree = "<group>"; };
		3871ECBF1A1182B500A61B38 /* SeccionesTVC.m */ = {isa = PBXFileReference; fileEncoding = 4; lastKnownFileType = sourcecode.c.objc; path = SeccionesTVC.m; sourceTree = "<group>"; };
		3871ECC11A1182D700A61B38 /* SeccionCell.h */ = {isa = PBXFileReference; fileEncoding = 4; lastKnownFileType = sourcecode.c.h; path = SeccionCell.h; sourceTree = "<group>"; };
		3871ECC21A1182D700A61B38 /* SeccionCell.m */ = {isa = PBXFileReference; fileEncoding = 4; lastKnownFileType = sourcecode.c.objc; path = SeccionCell.m; sourceTree = "<group>"; };
		3871ECC41A1186B000A61B38 /* Seccion.h */ = {isa = PBXFileReference; fileEncoding = 4; lastKnownFileType = sourcecode.c.h; path = Seccion.h; sourceTree = "<group>"; };
		3871ECC51A1186B000A61B38 /* Seccion.m */ = {isa = PBXFileReference; fileEncoding = 4; lastKnownFileType = sourcecode.c.objc; path = Seccion.m; sourceTree = "<group>"; };
		3871ECC91A11BAC900A61B38 /* AddSeccionVC.h */ = {isa = PBXFileReference; fileEncoding = 4; lastKnownFileType = sourcecode.c.h; path = AddSeccionVC.h; sourceTree = "<group>"; };
		3871ECCA1A11BAC900A61B38 /* AddSeccionVC.m */ = {isa = PBXFileReference; fileEncoding = 4; lastKnownFileType = sourcecode.c.objc; path = AddSeccionVC.m; sourceTree = "<group>"; };
		3871ECCD1A1AC3C000A61B38 /* HomeVC.h */ = {isa = PBXFileReference; fileEncoding = 4; lastKnownFileType = sourcecode.c.h; path = HomeVC.h; sourceTree = "<group>"; };
		3871ECCE1A1AC3C000A61B38 /* HomeVC.m */ = {isa = PBXFileReference; fileEncoding = 4; lastKnownFileType = sourcecode.c.objc; path = HomeVC.m; sourceTree = "<group>"; };
		3871ECD01A1AC41700A61B38 /* HomeCell.h */ = {isa = PBXFileReference; fileEncoding = 4; lastKnownFileType = sourcecode.c.h; path = HomeCell.h; sourceTree = "<group>"; };
		3871ECD11A1AC41700A61B38 /* HomeCell.m */ = {isa = PBXFileReference; fileEncoding = 4; lastKnownFileType = sourcecode.c.objc; path = HomeCell.m; sourceTree = "<group>"; };
		3871ECD31A1ACCCE00A61B38 /* SeccionesMatricula.h */ = {isa = PBXFileReference; fileEncoding = 4; lastKnownFileType = sourcecode.c.h; path = SeccionesMatricula.h; sourceTree = "<group>"; };
		3871ECD41A1ACCCE00A61B38 /* SeccionesMatricula.m */ = {isa = PBXFileReference; fileEncoding = 4; lastKnownFileType = sourcecode.c.objc; path = SeccionesMatricula.m; sourceTree = "<group>"; };
		38CC9E831A06E86900CE8C52 /* MatriculaFacil.app */ = {isa = PBXFileReference; explicitFileType = wrapper.application; includeInIndex = 0; path = MatriculaFacil.app; sourceTree = BUILT_PRODUCTS_DIR; };
		38CC9E871A06E86900CE8C52 /* Info.plist */ = {isa = PBXFileReference; lastKnownFileType = text.plist.xml; path = Info.plist; sourceTree = "<group>"; };
		38CC9E881A06E86900CE8C52 /* main.m */ = {isa = PBXFileReference; lastKnownFileType = sourcecode.c.objc; path = main.m; sourceTree = "<group>"; };
		38CC9E8A1A06E86900CE8C52 /* AppDelegate.h */ = {isa = PBXFileReference; lastKnownFileType = sourcecode.c.h; path = AppDelegate.h; sourceTree = "<group>"; };
		38CC9E8B1A06E86900CE8C52 /* AppDelegate.m */ = {isa = PBXFileReference; lastKnownFileType = sourcecode.c.objc; path = AppDelegate.m; sourceTree = "<group>"; };
		38CC9E911A06E86900CE8C52 /* Base */ = {isa = PBXFileReference; lastKnownFileType = file.storyboard; name = Base; path = Base.lproj/Main.storyboard; sourceTree = "<group>"; };
		38CC9E931A06E86900CE8C52 /* Images.xcassets */ = {isa = PBXFileReference; lastKnownFileType = folder.assetcatalog; path = Images.xcassets; sourceTree = "<group>"; };
		38CC9E961A06E86900CE8C52 /* Base */ = {isa = PBXFileReference; lastKnownFileType = file.xib; name = Base; path = Base.lproj/LaunchScreen.xib; sourceTree = "<group>"; };
		38CC9E9C1A06E86900CE8C52 /* MatriculaFacilTests.xctest */ = {isa = PBXFileReference; explicitFileType = wrapper.cfbundle; includeInIndex = 0; path = MatriculaFacilTests.xctest; sourceTree = BUILT_PRODUCTS_DIR; };
		38CC9EA11A06E86900CE8C52 /* Info.plist */ = {isa = PBXFileReference; lastKnownFileType = text.plist.xml; path = Info.plist; sourceTree = "<group>"; };
		38CC9EA21A06E86900CE8C52 /* MatriculaFacilTests.m */ = {isa = PBXFileReference; lastKnownFileType = sourcecode.c.objc; path = MatriculaFacilTests.m; sourceTree = "<group>"; };
		38DC96991A1A5DCA00917B1E /* UpdateSeccionVC.h */ = {isa = PBXFileReference; fileEncoding = 4; lastKnownFileType = sourcecode.c.h; path = UpdateSeccionVC.h; sourceTree = "<group>"; };
		38DC969A1A1A5DCA00917B1E /* UpdateSeccionVC.m */ = {isa = PBXFileReference; fileEncoding = 4; lastKnownFileType = sourcecode.c.objc; path = UpdateSeccionVC.m; sourceTree = "<group>"; };
		38E1C1761A0FD056004DE581 /* student.png */ = {isa = PBXFileReference; lastKnownFileType = image.png; path = student.png; sourceTree = "<group>"; };
		38E1C17A1A0FD1B8004DE581 /* background.png */ = {isa = PBXFileReference; lastKnownFileType = image.png; path = background.png; sourceTree = "<group>"; };
		38E1C17D1A0FE748004DE581 /* MainCell.h */ = {isa = PBXFileReference; fileEncoding = 4; lastKnownFileType = sourcecode.c.h; path = MainCell.h; sourceTree = "<group>"; };
		38E1C17E1A0FE748004DE581 /* MainCell.m */ = {isa = PBXFileReference; fileEncoding = 4; lastKnownFileType = sourcecode.c.objc; path = MainCell.m; sourceTree = "<group>"; };
		38E1C1801A0FEE65004DE581 /* WelcomeBanner.h */ = {isa = PBXFileReference; fileEncoding = 4; lastKnownFileType = sourcecode.c.h; path = WelcomeBanner.h; sourceTree = "<group>"; };
		38E1C1811A0FEE65004DE581 /* WelcomeBanner.m */ = {isa = PBXFileReference; fileEncoding = 4; lastKnownFileType = sourcecode.c.objc; path = WelcomeBanner.m; sourceTree = "<group>"; };
		38E1C1851A0FF2CC004DE581 /* AddCursoVC.h */ = {isa = PBXFileReference; fileEncoding = 4; lastKnownFileType = sourcecode.c.h; path = AddCursoVC.h; sourceTree = "<group>"; };
		38E1C1861A0FF2CC004DE581 /* AddCursoVC.m */ = {isa = PBXFileReference; fileEncoding = 4; lastKnownFileType = sourcecode.c.objc; path = AddCursoVC.m; sourceTree = "<group>"; };
		38E1C18B1A0FF2FE004DE581 /* UpdateCursoVC.h */ = {isa = PBXFileReference; fileEncoding = 4; lastKnownFileType = sourcecode.c.h; path = UpdateCursoVC.h; sourceTree = "<group>"; };
		38E1C18C1A0FF2FE004DE581 /* UpdateCursoVC.m */ = {isa = PBXFileReference; fileEncoding = 4; lastKnownFileType = sourcecode.c.objc; path = UpdateCursoVC.m; sourceTree = "<group>"; };
		38E1C1911A100083004DE581 /* ListCursoTVC.h */ = {isa = PBXFileReference; fileEncoding = 4; lastKnownFileType = sourcecode.c.h; path = ListCursoTVC.h; sourceTree = "<group>"; };
		38E1C1921A100083004DE581 /* ListCursoTVC.m */ = {isa = PBXFileReference; fileEncoding = 4; lastKnownFileType = sourcecode.c.objc; path = ListCursoTVC.m; sourceTree = "<group>"; };
		38E1C1951A100473004DE581 /* ListCursoCell.h */ = {isa = PBXFileReference; fileEncoding = 4; lastKnownFileType = sourcecode.c.h; path = ListCursoCell.h; sourceTree = "<group>"; };
		38E1C1961A100473004DE581 /* ListCursoCell.m */ = {isa = PBXFileReference; fileEncoding = 4; lastKnownFileType = sourcecode.c.objc; path = ListCursoCell.m; sourceTree = "<group>"; };
		38E1C1981A10097D004DE581 /* Curso.h */ = {isa = PBXFileReference; fileEncoding = 4; lastKnownFileType = sourcecode.c.h; path = Curso.h; sourceTree = "<group>"; };
		38E1C1991A10097D004DE581 /* Curso.m */ = {isa = PBXFileReference; fileEncoding = 4; lastKnownFileType = sourcecode.c.objc; path = Curso.m; sourceTree = "<group>"; };
		38E1C19E1A10607D004DE581 /* CursosTVC.h */ = {isa = PBXFileReference; fileEncoding = 4; lastKnownFileType = sourcecode.c.h; path = CursosTVC.h; sourceTree = "<group>"; };
		38E1C19F1A10607D004DE581 /* CursosTVC.m */ = {isa = PBXFileReference; fileEncoding = 4; lastKnownFileType = sourcecode.c.objc; path = CursosTVC.m; sourceTree = "<group>"; };
/* End PBXFileReference section */

/* Begin PBXFrameworksBuildPhase section */
		38CC9E801A06E86900CE8C52 /* Frameworks */ = {
			isa = PBXFrameworksBuildPhase;
			buildActionMask = 2147483647;
			files = (
				38526C011A1ED9C8004D78B3 /* libsqlite3.dylib in Frameworks */,
			);
			runOnlyForDeploymentPostprocessing = 0;
		};
		38CC9E991A06E86900CE8C52 /* Frameworks */ = {
			isa = PBXFrameworksBuildPhase;
			buildActionMask = 2147483647;
			files = (
			);
			runOnlyForDeploymentPostprocessing = 0;
		};
/* End PBXFrameworksBuildPhase section */

/* Begin PBXGroup section */
		38526BF91A1ED893004D78B3 /* ConnectionManager */ = {
			isa = PBXGroup;
			children = (
				38526C021A22AB3B004D78B3 /* MatriculaFacil.sqlite */,
				38526BFC1A1ED8C2004D78B3 /* ConnectionManager.h */,
				38526BFD1A1ED8C2004D78B3 /* ConnectionManager.m */,
			);
			name = ConnectionManager;
			sourceTree = "<group>";
		};
		38526BFF1A1ED99C004D78B3 /* Frameworks */ = {
			isa = PBXGroup;
			children = (
				38526C001A1ED9C8004D78B3 /* libsqlite3.dylib */,
			);
			name = Frameworks;
			sourceTree = "<group>";
		};
		386D0A571A0ECF390046A3F9 /* Controllers */ = {
			isa = PBXGroup;
			children = (
				38526BF91A1ED893004D78B3 /* ConnectionManager */,
				3871ECCC1A1AC35400A61B38 /* Matricula */,
				38E1C19D1A1056F3004DE581 /* Secciones */,
				38E1C1841A0FF29D004DE581 /* Cursos */,
				386D0A5C1A0ED24D0046A3F9 /* Menu */,
				386D0A581A0ECF800046A3F9 /* Login */,
			);
			name = Controllers;
			sourceTree = "<group>";
		};
		386D0A581A0ECF800046A3F9 /* Login */ = {
			isa = PBXGroup;
			children = (
				386D0A591A0ECFA60046A3F9 /* LoginVC.h */,
				386D0A5A1A0ECFA60046A3F9 /* LoginVC.m */,
			);
			name = Login;
			sourceTree = "<group>";
		};
		386D0A5C1A0ED24D0046A3F9 /* Menu */ = {
			isa = PBXGroup;
			children = (
				38E1C1831A0FF27D004DE581 /* Admin */,
			);
			name = Menu;
			sourceTree = "<group>";
		};
		3871ECC71A1193B700A61B38 /* ListarSecciones */ = {
			isa = PBXGroup;
			children = (
				3871ECC11A1182D700A61B38 /* SeccionCell.h */,
				3871ECC21A1182D700A61B38 /* SeccionCell.m */,
				3871ECC41A1186B000A61B38 /* Seccion.h */,
				3871ECC51A1186B000A61B38 /* Seccion.m */,
				38E1C19E1A10607D004DE581 /* CursosTVC.h */,
				38E1C19F1A10607D004DE581 /* CursosTVC.m */,
				3871ECBE1A1182B500A61B38 /* SeccionesTVC.h */,
				3871ECBF1A1182B500A61B38 /* SeccionesTVC.m */,
			);
			name = ListarSecciones;
			sourceTree = "<group>";
		};
		3871ECC81A11BAB000A61B38 /* CrearSeccion */ = {
			isa = PBXGroup;
			children = (
				3871ECC91A11BAC900A61B38 /* AddSeccionVC.h */,
				3871ECCA1A11BAC900A61B38 /* AddSeccionVC.m */,
			);
			name = CrearSeccion;
			sourceTree = "<group>";
		};
		3871ECCC1A1AC35400A61B38 /* Matricula */ = {
			isa = PBXGroup;
			children = (
				3871ECCD1A1AC3C000A61B38 /* HomeVC.h */,
				3871ECCE1A1AC3C000A61B38 /* HomeVC.m */,
				3871ECD01A1AC41700A61B38 /* HomeCell.h */,
				3871ECD11A1AC41700A61B38 /* HomeCell.m */,
				3871ECD31A1ACCCE00A61B38 /* SeccionesMatricula.h */,
				3871ECD41A1ACCCE00A61B38 /* SeccionesMatricula.m */,
			);
			name = Matricula;
			sourceTree = "<group>";
		};
		38CC9E7A1A06E86900CE8C52 = {
			isa = PBXGroup;
			children = (
				38CC9E851A06E86900CE8C52 /* MatriculaFacil */,
				38CC9E9F1A06E86900CE8C52 /* MatriculaFacilTests */,
				38CC9E841A06E86900CE8C52 /* Products */,
			);
			sourceTree = "<group>";
		};
		38CC9E841A06E86900CE8C52 /* Products */ = {
			isa = PBXGroup;
			children = (
				38CC9E831A06E86900CE8C52 /* MatriculaFacil.app */,
				38CC9E9C1A06E86900CE8C52 /* MatriculaFacilTests.xctest */,
			);
			name = Products;
			sourceTree = "<group>";
		};
		38CC9E851A06E86900CE8C52 /* MatriculaFacil */ = {
			isa = PBXGroup;
			children = (
				38526BFF1A1ED99C004D78B3 /* Frameworks */,
				38E1C17C1A0FD652004DE581 /* Images */,
				38CC9E8A1A06E86900CE8C52 /* AppDelegate.h */,
				38CC9E8B1A06E86900CE8C52 /* AppDelegate.m */,
				38CC9E901A06E86900CE8C52 /* Main.storyboard */,
				386D0A571A0ECF390046A3F9 /* Controllers */,
				38CC9E931A06E86900CE8C52 /* Images.xcassets */,
				38CC9E951A06E86900CE8C52 /* LaunchScreen.xib */,
				38CC9E861A06E86900CE8C52 /* Supporting Files */,
			);
			path = MatriculaFacil;
			sourceTree = "<group>";
		};
		38CC9E861A06E86900CE8C52 /* Supporting Files */ = {
			isa = PBXGroup;
			children = (
				38CC9E871A06E86900CE8C52 /* Info.plist */,
				38CC9E881A06E86900CE8C52 /* main.m */,
			);
			name = "Supporting Files";
			sourceTree = "<group>";
		};
		38CC9E9F1A06E86900CE8C52 /* MatriculaFacilTests */ = {
			isa = PBXGroup;
			children = (
				38CC9EA21A06E86900CE8C52 /* MatriculaFacilTests.m */,
				38CC9EA01A06E86900CE8C52 /* Supporting Files */,
			);
			path = MatriculaFacilTests;
			sourceTree = "<group>";
		};
		38CC9EA01A06E86900CE8C52 /* Supporting Files */ = {
			isa = PBXGroup;
			children = (
				38CC9EA11A06E86900CE8C52 /* Info.plist */,
			);
			name = "Supporting Files";
			sourceTree = "<group>";
		};
		38DC96981A1A5DAA00917B1E /* UpdateSeccion */ = {
			isa = PBXGroup;
			children = (
				38DC96991A1A5DCA00917B1E /* UpdateSeccionVC.h */,
				38DC969A1A1A5DCA00917B1E /* UpdateSeccionVC.m */,
			);
			name = UpdateSeccion;
			sourceTree = "<group>";
		};
		38E1C17C1A0FD652004DE581 /* Images */ = {
			isa = PBXGroup;
			children = (
				381A00501A23FE6100562797 /* delete_text.png */,
				381A00521A2400CE00562797 /* loginImage.png */,
				381A00541A24021600562797 /* loginImage2.png */,
				38E1C17A1A0FD1B8004DE581 /* background.png */,
				38E1C1761A0FD056004DE581 /* student.png */,
			);
			name = Images;
			sourceTree = "<group>";
		};
		38E1C1831A0FF27D004DE581 /* Admin */ = {
			isa = PBXGroup;
			children = (
				386D0A5D1A0ED25C0046A3F9 /* MainVC.h */,
				386D0A5E1A0ED25C0046A3F9 /* MainVC.m */,
				38E1C17D1A0FE748004DE581 /* MainCell.h */,
				38E1C17E1A0FE748004DE581 /* MainCell.m */,
				38E1C1801A0FEE65004DE581 /* WelcomeBanner.h */,
				38E1C1811A0FEE65004DE581 /* WelcomeBanner.m */,
			);
			name = Admin;
			sourceTree = "<group>";
		};
		38E1C1841A0FF29D004DE581 /* Cursos */ = {
			isa = PBXGroup;
			children = (
				38E1C19C1A105656004DE581 /* Actualizar */,
				38E1C19B1A10564B004DE581 /* Agregar */,
				38E1C1941A100452004DE581 /* Listar */,
			);
			name = Cursos;
			sourceTree = "<group>";
		};
		38E1C1941A100452004DE581 /* Listar */ = {
			isa = PBXGroup;
			children = (
				38E1C1911A100083004DE581 /* ListCursoTVC.h */,
				38E1C1921A100083004DE581 /* ListCursoTVC.m */,
				38E1C1951A100473004DE581 /* ListCursoCell.h */,
				38E1C1961A100473004DE581 /* ListCursoCell.m */,
				38E1C1981A10097D004DE581 /* Curso.h */,
				38E1C1991A10097D004DE581 /* Curso.m */,
			);
			name = Listar;
			sourceTree = "<group>";
		};
		38E1C19B1A10564B004DE581 /* Agregar */ = {
			isa = PBXGroup;
			children = (
				38E1C1851A0FF2CC004DE581 /* AddCursoVC.h */,
				38E1C1861A0FF2CC004DE581 /* AddCursoVC.m */,
			);
			name = Agregar;
			sourceTree = "<group>";
		};
		38E1C19C1A105656004DE581 /* Actualizar */ = {
			isa = PBXGroup;
			children = (
				38E1C18B1A0FF2FE004DE581 /* UpdateCursoVC.h */,
				38E1C18C1A0FF2FE004DE581 /* UpdateCursoVC.m */,
			);
			name = Actualizar;
			sourceTree = "<group>";
		};
		38E1C19D1A1056F3004DE581 /* Secciones */ = {
			isa = PBXGroup;
			children = (
				38DC96981A1A5DAA00917B1E /* UpdateSeccion */,
				3871ECC81A11BAB000A61B38 /* CrearSeccion */,
				3871ECC71A1193B700A61B38 /* ListarSecciones */,
			);
			name = Secciones;
			sourceTree = "<group>";
		};
/* End PBXGroup section */

/* Begin PBXNativeTarget section */
		38CC9E821A06E86900CE8C52 /* MatriculaFacil */ = {
			isa = PBXNativeTarget;
			buildConfigurationList = 38CC9EA61A06E86900CE8C52 /* Build configuration list for PBXNativeTarget "MatriculaFacil" */;
			buildPhases = (
				38CC9E7F1A06E86900CE8C52 /* Sources */,
				38CC9E801A06E86900CE8C52 /* Frameworks */,
				38CC9E811A06E86900CE8C52 /* Resources */,
			);
			buildRules = (
			);
			dependencies = (
			);
			name = MatriculaFacil;
			productName = MatriculaFacil;
			productReference = 38CC9E831A06E86900CE8C52 /* MatriculaFacil.app */;
			productType = "com.apple.product-type.application";
		};
		38CC9E9B1A06E86900CE8C52 /* MatriculaFacilTests */ = {
			isa = PBXNativeTarget;
			buildConfigurationList = 38CC9EA91A06E86900CE8C52 /* Build configuration list for PBXNativeTarget "MatriculaFacilTests" */;
			buildPhases = (
				38CC9E981A06E86900CE8C52 /* Sources */,
				38CC9E991A06E86900CE8C52 /* Frameworks */,
				38CC9E9A1A06E86900CE8C52 /* Resources */,
			);
			buildRules = (
			);
			dependencies = (
				38CC9E9E1A06E86900CE8C52 /* PBXTargetDependency */,
			);
			name = MatriculaFacilTests;
			productName = MatriculaFacilTests;
			productReference = 38CC9E9C1A06E86900CE8C52 /* MatriculaFacilTests.xctest */;
			productType = "com.apple.product-type.bundle.unit-test";
		};
/* End PBXNativeTarget section */

/* Begin PBXProject section */
		38CC9E7B1A06E86900CE8C52 /* Project object */ = {
			isa = PBXProject;
			attributes = {
				LastUpgradeCheck = 0610;
				ORGANIZATIONNAME = sKDevs;
				TargetAttributes = {
					38CC9E821A06E86900CE8C52 = {
						CreatedOnToolsVersion = 6.1;
					};
					38CC9E9B1A06E86900CE8C52 = {
						CreatedOnToolsVersion = 6.1;
						TestTargetID = 38CC9E821A06E86900CE8C52;
					};
				};
			};
			buildConfigurationList = 38CC9E7E1A06E86900CE8C52 /* Build configuration list for PBXProject "MatriculaFacil" */;
			compatibilityVersion = "Xcode 3.2";
			developmentRegion = English;
			hasScannedForEncodings = 0;
			knownRegions = (
				en,
				Base,
			);
			mainGroup = 38CC9E7A1A06E86900CE8C52;
			productRefGroup = 38CC9E841A06E86900CE8C52 /* Products */;
			projectDirPath = "";
			projectRoot = "";
			targets = (
				38CC9E821A06E86900CE8C52 /* MatriculaFacil */,
				38CC9E9B1A06E86900CE8C52 /* MatriculaFacilTests */,
			);
		};
/* End PBXProject section */

/* Begin PBXResourcesBuildPhase section */
		38CC9E811A06E86900CE8C52 /* Resources */ = {
			isa = PBXResourcesBuildPhase;
			buildActionMask = 2147483647;
			files = (
				381A00531A2400CE00562797 /* loginImage.png in Resources */,
				38526C031A22AB3B004D78B3 /* MatriculaFacil.sqlite in Resources */,
				38CC9E921A06E86900CE8C52 /* Main.storyboard in Resources */,
				381A00551A24021600562797 /* loginImage2.png in Resources */,
				38E1C17B1A0FD1B8004DE581 /* background.png in Resources */,
				38CC9E971A06E86900CE8C52 /* LaunchScreen.xib in Resources */,
				38E1C1771A0FD056004DE581 /* student.png in Resources */,
				381A00511A23FE6100562797 /* delete_text.png in Resources */,
				38CC9E941A06E86900CE8C52 /* Images.xcassets in Resources */,
			);
			runOnlyForDeploymentPostprocessing = 0;
		};
		38CC9E9A1A06E86900CE8C52 /* Resources */ = {
			isa = PBXResourcesBuildPhase;
			buildActionMask = 2147483647;
			files = (
			);
			runOnlyForDeploymentPostprocessing = 0;
		};
/* End PBXResourcesBuildPhase section */

/* Begin PBXSourcesBuildPhase section */
		38CC9E7F1A06E86900CE8C52 /* Sources */ = {
			isa = PBXSourcesBuildPhase;
			buildActionMask = 2147483647;
			files = (
				38E1C17F1A0FE748004DE581 /* MainCell.m in Sources */,
				3871ECD51A1ACCCE00A61B38 /* SeccionesMatricula.m in Sources */,
				38E1C1871A0FF2CC004DE581 /* AddCursoVC.m in Sources */,
				38CC9E8C1A06E86900CE8C52 /* AppDelegate.m in Sources */,
				3871ECCF1A1AC3C000A61B38 /* HomeVC.m in Sources */,
				386D0A5F1A0ED25C0046A3F9 /* MainVC.m in Sources */,
				38E1C19A1A10097D004DE581 /* Curso.m in Sources */,
				38E1C1931A100083004DE581 /* ListCursoTVC.m in Sources */,
				3871ECC31A1182D700A61B38 /* SeccionCell.m in Sources */,
				38DC969B1A1A5DCA00917B1E /* UpdateSeccionVC.m in Sources */,
				3871ECC01A1182B500A61B38 /* SeccionesTVC.m in Sources */,
				38CC9E891A06E86900CE8C52 /* main.m in Sources */,
				38526BFE1A1ED8C2004D78B3 /* ConnectionManager.m in Sources */,
				3871ECD21A1AC41700A61B38 /* HomeCell.m in Sources */,
				38E1C1971A100473004DE581 /* ListCursoCell.m in Sources */,
				38E1C18D1A0FF2FE004DE581 /* UpdateCursoVC.m in Sources */,
				3871ECC61A1186B000A61B38 /* Seccion.m in Sources */,
				38E1C1821A0FEE65004DE581 /* WelcomeBanner.m in Sources */,
				38E1C1A01A10607D004DE581 /* CursosTVC.m in Sources */,
				386D0A5B1A0ECFA60046A3F9 /* LoginVC.m in Sources */,
				3871ECCB1A11BAC900A61B38 /* AddSeccionVC.m in Sources */,
			);
			runOnlyForDeploymentPostprocessing = 0;
		};
		38CC9E981A06E86900CE8C52 /* Sources */ = {
			isa = PBXSourcesBuildPhase;
			buildActionMask = 2147483647;
			files = (
				38CC9EA31A06E86900CE8C52 /* MatriculaFacilTests.m in Sources */,
			);
			runOnlyForDeploymentPostprocessing = 0;
		};
/* End PBXSourcesBuildPhase section */

/* Begin PBXTargetDependency section */
		38CC9E9E1A06E86900CE8C52 /* PBXTargetDependency */ = {
			isa = PBXTargetDependency;
			target = 38CC9E821A06E86900CE8C52 /* MatriculaFacil */;
			targetProxy = 38CC9E9D1A06E86900CE8C52 /* PBXContainerItemProxy */;
		};
/* End PBXTargetDependency section */

/* Begin PBXVariantGroup section */
		38CC9E901A06E86900CE8C52 /* Main.storyboard */ = {
			isa = PBXVariantGroup;
			children = (
				38CC9E911A06E86900CE8C52 /* Base */,
			);
			name = Main.storyboard;
			sourceTree = "<group>";
		};
		38CC9E951A06E86900CE8C52 /* LaunchScreen.xib */ = {
			isa = PBXVariantGroup;
			children = (
				38CC9E961A06E86900CE8C52 /* Base */,
			);
			name = LaunchScreen.xib;
			sourceTree = "<group>";
		};
/* End PBXVariantGroup section */

/* Begin XCBuildConfiguration section */
		38CC9EA41A06E86900CE8C52 /* Debug */ = {
			isa = XCBuildConfiguration;
			buildSettings = {
				ALWAYS_SEARCH_USER_PATHS = NO;
				CLANG_CXX_LANGUAGE_STANDARD = "gnu++0x";
				CLANG_CXX_LIBRARY = "libc++";
				CLANG_ENABLE_MODULES = YES;
				CLANG_ENABLE_OBJC_ARC = YES;
				CLANG_WARN_BOOL_CONVERSION = YES;
				CLANG_WARN_CONSTANT_CONVERSION = YES;
				CLANG_WARN_DIRECT_OBJC_ISA_USAGE = YES_ERROR;
				CLANG_WARN_EMPTY_BODY = YES;
				CLANG_WARN_ENUM_CONVERSION = YES;
				CLANG_WARN_INT_CONVERSION = YES;
				CLANG_WARN_OBJC_ROOT_CLASS = YES_ERROR;
				CLANG_WARN_UNREACHABLE_CODE = YES;
				CLANG_WARN__DUPLICATE_METHOD_MATCH = YES;
				"CODE_SIGN_IDENTITY[sdk=iphoneos*]" = "iPhone Developer";
				COPY_PHASE_STRIP = NO;
				ENABLE_STRICT_OBJC_MSGSEND = YES;
				GCC_C_LANGUAGE_STANDARD = gnu99;
				GCC_DYNAMIC_NO_PIC = NO;
				GCC_OPTIMIZATION_LEVEL = 0;
				GCC_PREPROCESSOR_DEFINITIONS = (
					"DEBUG=1",
					"$(inherited)",
				);
				GCC_SYMBOLS_PRIVATE_EXTERN = NO;
				GCC_WARN_64_TO_32_BIT_CONVERSION = YES;
				GCC_WARN_ABOUT_RETURN_TYPE = YES_ERROR;
				GCC_WARN_UNDECLARED_SELECTOR = YES;
				GCC_WARN_UNINITIALIZED_AUTOS = YES_AGGRESSIVE;
				GCC_WARN_UNUSED_FUNCTION = YES;
				GCC_WARN_UNUSED_VARIABLE = YES;
				IPHONEOS_DEPLOYMENT_TARGET = 8.1;
				MTL_ENABLE_DEBUG_INFO = YES;
				ONLY_ACTIVE_ARCH = YES;
				SDKROOT = iphoneos;
			};
			name = Debug;
		};
		38CC9EA51A06E86900CE8C52 /* Release */ = {
			isa = XCBuildConfiguration;
			buildSettings = {
				ALWAYS_SEARCH_USER_PATHS = NO;
				CLANG_CXX_LANGUAGE_STANDARD = "gnu++0x";
				CLANG_CXX_LIBRARY = "libc++";
				CLANG_ENABLE_MODULES = YES;
				CLANG_ENABLE_OBJC_ARC = YES;
				CLANG_WARN_BOOL_CONVERSION = YES;
				CLANG_WARN_CONSTANT_CONVERSION = YES;
				CLANG_WARN_DIRECT_OBJC_ISA_USAGE = YES_ERROR;
				CLANG_WARN_EMPTY_BODY = YES;
				CLANG_WARN_ENUM_CONVERSION = YES;
				CLANG_WARN_INT_CONVERSION = YES;
				CLANG_WARN_OBJC_ROOT_CLASS = YES_ERROR;
				CLANG_WARN_UNREACHABLE_CODE = YES;
				CLANG_WARN__DUPLICATE_METHOD_MATCH = YES;
				"CODE_SIGN_IDENTITY[sdk=iphoneos*]" = "iPhone Developer";
				COPY_PHASE_STRIP = YES;
				ENABLE_NS_ASSERTIONS = NO;
				ENABLE_STRICT_OBJC_MSGSEND = YES;
				GCC_C_LANGUAGE_STANDARD = gnu99;
				GCC_WARN_64_TO_32_BIT_CONVERSION = YES;
				GCC_WARN_ABOUT_RETURN_TYPE = YES_ERROR;
				GCC_WARN_UNDECLARED_SELECTOR = YES;
				GCC_WARN_UNINITIALIZED_AUTOS = YES_AGGRESSIVE;
				GCC_WARN_UNUSED_FUNCTION = YES;
				GCC_WARN_UNUSED_VARIABLE = YES;
				IPHONEOS_DEPLOYMENT_TARGET = 8.1;
				MTL_ENABLE_DEBUG_INFO = NO;
				SDKROOT = iphoneos;
				VALIDATE_PRODUCT = YES;
			};
			name = Release;
		};
		38CC9EA71A06E86900CE8C52 /* Debug */ = {
			isa = XCBuildConfiguration;
			buildSettings = {
				ASSETCATALOG_COMPILER_APPICON_NAME = AppIcon;
				CODE_SIGN_IDENTITY = "";
				INFOPLIST_FILE = MatriculaFacil/Info.plist;
				LD_RUNPATH_SEARCH_PATHS = "$(inherited) @executable_path/Frameworks";
				PRODUCT_NAME = "$(TARGET_NAME)";
			};
			name = Debug;
		};
		38CC9EA81A06E86900CE8C52 /* Release */ = {
			isa = XCBuildConfiguration;
			buildSettings = {
				ASSETCATALOG_COMPILER_APPICON_NAME = AppIcon;
				CODE_SIGN_IDENTITY = "";
				INFOPLIST_FILE = MatriculaFacil/Info.plist;
				LD_RUNPATH_SEARCH_PATHS = "$(inherited) @executable_path/Frameworks";
				PRODUCT_NAME = "$(TARGET_NAME)";
			};
			name = Release;
		};
		38CC9EAA1A06E86900CE8C52 /* Debug */ = {
			isa = XCBuildConfiguration;
			buildSettings = {
				BUNDLE_LOADER = "$(TEST_HOST)";
				FRAMEWORK_SEARCH_PATHS = (
					"$(SDKROOT)/Developer/Library/Frameworks",
					"$(inherited)",
				);
				GCC_PREPROCESSOR_DEFINITIONS = (
					"DEBUG=1",
					"$(inherited)",
				);
				INFOPLIST_FILE = MatriculaFacilTests/Info.plist;
				LD_RUNPATH_SEARCH_PATHS = "$(inherited) @executable_path/Frameworks @loader_path/Frameworks";
				PRODUCT_NAME = "$(TARGET_NAME)";
				TEST_HOST = "$(BUILT_PRODUCTS_DIR)/MatriculaFacil.app/MatriculaFacil";
			};
			name = Debug;
		};
		38CC9EAB1A06E86900CE8C52 /* Release */ = {
			isa = XCBuildConfiguration;
			buildSettings = {
				BUNDLE_LOADER = "$(TEST_HOST)";
				FRAMEWORK_SEARCH_PATHS = (
					"$(SDKROOT)/Developer/Library/Frameworks",
					"$(inherited)",
				);
				INFOPLIST_FILE = MatriculaFacilTests/Info.plist;
				LD_RUNPATH_SEARCH_PATHS = "$(inherited) @executable_path/Frameworks @loader_path/Frameworks";
				PRODUCT_NAME = "$(TARGET_NAME)";
				TEST_HOST = "$(BUILT_PRODUCTS_DIR)/MatriculaFacil.app/MatriculaFacil";
			};
			name = Release;
		};
/* End XCBuildConfiguration section */

/* Begin XCConfigurationList section */
		38CC9E7E1A06E86900CE8C52 /* Build configuration list for PBXProject "MatriculaFacil" */ = {
			isa = XCConfigurationList;
			buildConfigurations = (
				38CC9EA41A06E86900CE8C52 /* Debug */,
				38CC9EA51A06E86900CE8C52 /* Release */,
			);
			defaultConfigurationIsVisible = 0;
			defaultConfigurationName = Release;
		};
		38CC9EA61A06E86900CE8C52 /* Build configuration list for PBXNativeTarget "MatriculaFacil" */ = {
			isa = XCConfigurationList;
			buildConfigurations = (
				38CC9EA71A06E86900CE8C52 /* Debug */,
				38CC9EA81A06E86900CE8C52 /* Release */,
			);
			defaultConfigurationIsVisible = 0;
			defaultConfigurationName = Release;
		};
		38CC9EA91A06E86900CE8C52 /* Build configuration list for PBXNativeTarget "MatriculaFacilTests" */ = {
			isa = XCConfigurationList;
			buildConfigurations = (
				38CC9EAA1A06E86900CE8C52 /* Debug */,
				38CC9EAB1A06E86900CE8C52 /* Release */,
			);
			defaultConfigurationIsVisible = 0;
			defaultConfigurationName = Release;
		};
/* End XCConfigurationList section */
	};
	rootObject = 38CC9E7B1A06E86900CE8C52 /* Project object */;
}
